github.com/PuerkitoBio/goquery v1.6.0 h1:j7taAbelrdcsOlGeMenZxc2AWXD5fieT1/znArdnx94=
github.com/PuerkitoBio/goquery v1.6.0/go.mod h1:GsLWisAFVj4WgDibEWF4pvYnkVQBpKBKeU+7zCJoLcc=
github.com/SakoDroid/telego v1.8.0 h1:zpqn4/trjVy9dnGTIUDbzn9nu717OeOejmjN6dWBmeA=
github.com/SakoDroid/telego v1.8.0/go.mod h1:V+gBeRu0NhC/I0eYG5xwAC+KP904HrTyf8hhq3D1Y8I=
github.com/SakoDroid/telego/v2 v2.1.0 h1:14RWq9APvJTg9+Ouc5JnLXCrbQKws9WkoXKxgTmZmbs=
github.com/SakoDroid/telego/v2 v2.1.0/go.mod h1:cd7rWSYFna9lprM70ignc3HYSsVPaLU0JjDzPosJH3A=
github.com/andybalholm/cascadia v1.1.0 h1:BuuO6sSfQNFRu1LppgbD25Hr2vLYW25JvxHs5zzsLTo=
github.com/andybalholm/cascadia v1.1.0/go.mod h1:GsXiBklL0woXo1j/WYWtSYYC4ouU9PqHO0sqidkEA4Y=
github.com/joho/godotenv v1.5.1 h1:7eLL/+HRGLY0ldzfGMeQkb7vMd0as4CfYvUVzLqw0N0=
github.com/joho/godotenv v1.5.1/go.mod h1:f4LDr5Voq0i2e/R5DDNOoa2zzDfwtkZa6DnEwAbqwq4=
github.com/pawanpaudel93/go-tiktok-downloader v0.0.0-20220317110311-958271c8cead h1:HlSJ87Ho5XaY3yFNNlLnJb2pzj6w4p8Z9itHUogncD8=
github.com/pawanpaudel93/go-tiktok-downloader v0.0.0-20220317110311-958271c8cead/go.mod h1:SNmIXOvWDErCE6BntLY9hIJawuYo0k6QMtMEseJOfgI=
golang.org/x/crypto v0.0.0-20190308221718-c2843e01d9a2/go.mod h1:djNgcEr1/C05ACkg1iLfiJU5Ep61QUkGW8qpdssI0+w=
golang.org/x/net v0.0.0-20180218175443-cbe0f9307d01/go.mod h1:mL1N/T3taQHkDXs73rZJwtUhF3w3ftmwwsq0BUmARs4=
golang.org/x/net v0.0.0-20200202094626-16171245cfb2 h1:CCH4IOTTfewWjGOlSp+zGcjutRKlBEZQ6wTn8ozI/nI=
golang.org/x/net v0.0.0-20200202094626-16171245cfb2/go.mod h1:z5CRVTTTmAJ677TzLLGU+0bjPO0LkuOLi4/5GtJWs/s=
golang.org/x/sys v0.0.0-20190215142949-d0b11bdaac8a/go.mod h1:STP8DvDyc/dI5b8T5hshtkjS+E42TnysNCUPdjciGhY=
golang.org/x/text v0.3.0/go.mod h1:NqM8EUOU14njkJ3fqMW+pc6Ldnwhi/IjpwHt7yyuwOQ=
